schema: '2.0'
stages:
  clean:
    cmd: python src/preprocessing/clean.py
    deps:
    - path: data/raw/data.csv
      hash: md5
      md5: 0f9de68e012bd3aed5fa7cdc9fc421af
      size: 977501
    - path: src/preprocessing/clean.py
      hash: md5
      md5: a87c1e04c2498681b939b03db2ac6e5c
      size: 868
    outs:
    - path: data/processed/data_cleaned.csv
      hash: md5
      md5: 6a9a5a59515842104cc2d3e9d2b2fdce
      size: 900327
  encode:
    cmd: python src/preprocessing/encode.py
    deps:
    - path: data/processed/data_cleaned.csv
      hash: md5
      md5: 6a9a5a59515842104cc2d3e9d2b2fdce
      size: 900327
    - path: src/preprocessing/encode.py
      hash: md5
      md5: 5379f16fd461f48da00308ff5e8a8d66
      size: 1819
    outs:
    - path: data/processed/data_encoded.csv
      hash: md5
      md5: b213e58add1549562cbc94b9cc3eca0d
      size: 1191483
  scale:
    cmd: python src/preprocessing/scale.py
    deps:
    - path: data/processed/data_encoded.csv
      hash: md5
      md5: b213e58add1549562cbc94b9cc3eca0d
      size: 1191483
    - path: src/preprocessing/scale.py
      hash: md5
      md5: 63b8762aae4ac5096ffe195b487b4451
      size: 817
    outs:
    - path: data/processed/data_scaled.csv
      hash: md5
      md5: 310506d79658e0b91d597f8484914967
      size: 1530742
  split:
    cmd: python src/preprocessing/split.py
    deps:
    - path: data/processed/data_encoded.csv
      hash: md5
      md5: b213e58add1549562cbc94b9cc3eca0d
      size: 1191483
    - path: src/preprocessing/split.py
      hash: md5
      md5: 6f99ba84314dfe578c4e5946850a35f5
      size: 1591
    outs:
    - path: data/processed/test/X_test.csv
      hash: md5
      md5: 3a82a0261b8e4fad314ba3d5f7c6facd
      size: 236043
    - path: data/processed/test/y_test.csv
      hash: md5
      md5: 72929f3fd26b9a2d2f498d24bed869d2
      size: 2820
    - path: data/processed/train/X_train.csv
      hash: md5
      md5: c7f0ebc9e066b062897c8e88e31e010b
      size: 942016
    - path: data/processed/train/y_train.csv
      hash: md5
      md5: 876bada6439c1f33dc5f17218a6915d5
      size: 11256
  train_rf:
    cmd: python Training/rf.py
    deps:
    - path: data/processed/test/X_test.csv
      hash: md5
      md5: 3a82a0261b8e4fad314ba3d5f7c6facd
      size: 236043
    - path: data/processed/test/y_test.csv
      hash: md5
      md5: 72929f3fd26b9a2d2f498d24bed869d2
      size: 2820
    - path: data/processed/train/X_train.csv
      hash: md5
      md5: c7f0ebc9e066b062897c8e88e31e010b
      size: 942016
    - path: data/processed/train/y_train.csv
      hash: md5
      md5: 876bada6439c1f33dc5f17218a6915d5
      size: 11256
    outs:
    - path: data/metrics/rf/rf_metrics.json
      hash: md5
      md5: d4677ba0aefd5c5435490aa4bee0b611
      size: 142
    - path: models/rf/random_forest_model.pkl
      hash: md5
      md5: 86370d4f0178f95501b106630485dfbf
      size: 69166723
  train_xgboost:
    cmd: python Training/train_xgboost.py
    deps:
    - path: data/processed/test/X_test.csv
      hash: md5
      md5: 3a82a0261b8e4fad314ba3d5f7c6facd
      size: 236043
    - path: data/processed/test/y_test.csv
      hash: md5
      md5: 72929f3fd26b9a2d2f498d24bed869d2
      size: 2820
    - path: data/processed/train/X_train.csv
      hash: md5
      md5: c7f0ebc9e066b062897c8e88e31e010b
      size: 942016
    - path: data/processed/train/y_train.csv
      hash: md5
      md5: 876bada6439c1f33dc5f17218a6915d5
      size: 11256
    outs:
    - path: data/metrics/xgboost/xgboost_metrics.json
      hash: md5
      md5: c585c2b48d272c3821080650c652bfb3
      size: 142
    - path: models/XGBoost/xgboost_model.pkl
      hash: md5
      md5: ffb5b2676183de6a81dab0f1b3f41439
      size: 6628803
